{"version":4,"terraform_version":"1.8.2","serial":30,"lineage":"7d7649d4-3a19-4a81-ea35-f1b6215d6a2a","outputs":{},"resources":[{"mode":"managed","type":"cloudflare_record","name":"a_records","provider":"provider[\"registry.opentofu.org/cloudflare/cloudflare\"]","instances":[{"index_key":"spoke.no-185.199.108.153","schema_version":3,"attributes":{"allow_overwrite":false,"comment":"","content":"185.199.108.153","created_on":"2024-11-27T19:46:57.965939Z","data":[],"hostname":"spoke.no","id":"7bb4437359d048a7a88091a516d0aa9b","metadata":{"auto_added":"false","managed_by_apps":"false","managed_by_argo_tunnel":"false"},"modified_on":"2024-11-27T19:46:57.965939Z","name":"spoke.no","priority":null,"proxiable":true,"proxied":true,"tags":[],"timeouts":null,"ttl":1,"type":"A","value":null,"zone_id":"f5f71b6b8f2a52a60dde88181b8c0ce0"},"sensitive_attributes":[],"private":"eyJlMmJmYjczMC1lY2FhLTExZTYtOGY4OC0zNDM2M2JjN2M0YzAiOnsiY3JlYXRlIjozMDAwMDAwMDAwMCwidXBkYXRlIjozMDAwMDAwMDAwMH0sInNjaGVtYV92ZXJzaW9uIjoiMyJ9"},{"index_key":"spoke.no-185.199.109.153","schema_version":3,"attributes":{"allow_overwrite":false,"comment":"","content":"185.199.109.153","created_on":"2024-11-27T19:46:54.433491Z","data":[],"hostname":"spoke.no","id":"83a6930ed93ad0d29c78a60b4fa8e977","metadata":{"auto_added":"false","managed_by_apps":"false","managed_by_argo_tunnel":"false"},"modified_on":"2024-11-27T19:46:54.433491Z","name":"spoke.no","priority":null,"proxiable":true,"proxied":true,"tags":[],"timeouts":null,"ttl":1,"type":"A","value":null,"zone_id":"f5f71b6b8f2a52a60dde88181b8c0ce0"},"sensitive_attributes":[],"private":"eyJlMmJmYjczMC1lY2FhLTExZTYtOGY4OC0zNDM2M2JjN2M0YzAiOnsiY3JlYXRlIjozMDAwMDAwMDAwMCwidXBkYXRlIjozMDAwMDAwMDAwMH0sInNjaGVtYV92ZXJzaW9uIjoiMyJ9"},{"index_key":"spoke.no-185.199.110.153","schema_version":3,"attributes":{"allow_overwrite":false,"comment":"","content":"185.199.110.153","created_on":"2024-11-27T19:46:54.212159Z","data":[],"hostname":"spoke.no","id":"2faa295a2faa51530abeddf33b8360b6","metadata":{"auto_added":"false","managed_by_apps":"false","managed_by_argo_tunnel":"false"},"modified_on":"2024-11-27T19:46:54.212159Z","name":"spoke.no","priority":null,"proxiable":true,"proxied":true,"tags":[],"timeouts":null,"ttl":1,"type":"A","value":null,"zone_id":"f5f71b6b8f2a52a60dde88181b8c0ce0"},"sensitive_attributes":[],"private":"eyJlMmJmYjczMC1lY2FhLTExZTYtOGY4OC0zNDM2M2JjN2M0YzAiOnsiY3JlYXRlIjozMDAwMDAwMDAwMCwidXBkYXRlIjozMDAwMDAwMDAwMH0sInNjaGVtYV92ZXJzaW9uIjoiMyJ9"},{"index_key":"spoke.no-185.199.111.153","schema_version":3,"attributes":{"allow_overwrite":false,"comment":"","content":"185.199.111.153","created_on":"2024-11-27T19:46:52.965106Z","data":[],"hostname":"spoke.no","id":"22f3a6ab5125e8a7f3fe33f6f657472a","metadata":{"auto_added":"false","managed_by_apps":"false","managed_by_argo_tunnel":"false"},"modified_on":"2024-11-27T19:46:52.965106Z","name":"spoke.no","priority":null,"proxiable":true,"proxied":true,"tags":[],"timeouts":null,"ttl":1,"type":"A","value":null,"zone_id":"f5f71b6b8f2a52a60dde88181b8c0ce0"},"sensitive_attributes":[],"private":"eyJlMmJmYjczMC1lY2FhLTExZTYtOGY4OC0zNDM2M2JjN2M0YzAiOnsiY3JlYXRlIjozMDAwMDAwMDAwMCwidXBkYXRlIjozMDAwMDAwMDAwMH0sInNjaGVtYV92ZXJzaW9uIjoiMyJ9"},{"index_key":"xn--spke-hra.no-185.199.108.153","schema_version":3,"attributes":{"allow_overwrite":false,"comment":"","content":"185.199.108.153","created_on":"2024-11-27T18:55:11.800242Z","data":[],"hostname":"xn--spke-hra.no","id":"328002d6bf4f5ee70f15b6ec8207c132","metadata":{"auto_added":"false","managed_by_apps":"false","managed_by_argo_tunnel":"false"},"modified_on":"2024-11-27T18:55:11.800242Z","name":"xn--spke-hra.no","priority":null,"proxiable":true,"proxied":true,"tags":[],"timeouts":null,"ttl":1,"type":"A","value":null,"zone_id":"60facca24ebde192b657d661c9c2133f"},"sensitive_attributes":[],"private":"eyJlMmJmYjczMC1lY2FhLTExZTYtOGY4OC0zNDM2M2JjN2M0YzAiOnsiY3JlYXRlIjozMDAwMDAwMDAwMCwidXBkYXRlIjozMDAwMDAwMDAwMH0sInNjaGVtYV92ZXJzaW9uIjoiMyJ9"},{"index_key":"xn--spke-hra.no-185.199.109.153","schema_version":3,"attributes":{"allow_overwrite":false,"comment":"","content":"185.199.109.153","created_on":"2024-11-27T18:55:12.319325Z","data":[],"hostname":"xn--spke-hra.no","id":"b329b2a6ecc1b27b828a43d50c6b96bd","metadata":{"auto_added":"false","managed_by_apps":"false","managed_by_argo_tunnel":"false"},"modified_on":"2024-11-27T18:55:12.319325Z","name":"xn--spke-hra.no","priority":null,"proxiable":true,"proxied":true,"tags":[],"timeouts":null,"ttl":1,"type":"A","value":null,"zone_id":"60facca24ebde192b657d661c9c2133f"},"sensitive_attributes":[],"private":"eyJlMmJmYjczMC1lY2FhLTExZTYtOGY4OC0zNDM2M2JjN2M0YzAiOnsiY3JlYXRlIjozMDAwMDAwMDAwMCwidXBkYXRlIjozMDAwMDAwMDAwMH0sInNjaGVtYV92ZXJzaW9uIjoiMyJ9"},{"index_key":"xn--spke-hra.no-185.199.110.153","schema_version":3,"attributes":{"allow_overwrite":false,"comment":"","content":"185.199.110.153","created_on":"2024-11-27T18:55:11.584529Z","data":[],"hostname":"xn--spke-hra.no","id":"8e621efc20123da5c2e905027d567149","metadata":{"auto_added":"false","managed_by_apps":"false","managed_by_argo_tunnel":"false"},"modified_on":"2024-11-27T18:55:11.584529Z","name":"xn--spke-hra.no","priority":null,"proxiable":true,"proxied":true,"tags":[],"timeouts":null,"ttl":1,"type":"A","value":null,"zone_id":"60facca24ebde192b657d661c9c2133f"},"sensitive_attributes":[],"private":"eyJlMmJmYjczMC1lY2FhLTExZTYtOGY4OC0zNDM2M2JjN2M0YzAiOnsiY3JlYXRlIjozMDAwMDAwMDAwMCwidXBkYXRlIjozMDAwMDAwMDAwMH0sInNjaGVtYV92ZXJzaW9uIjoiMyJ9"},{"index_key":"xn--spke-hra.no-185.199.111.153","schema_version":3,"attributes":{"allow_overwrite":false,"comment":"","content":"185.199.111.153","created_on":"2024-11-27T18:55:12.633941Z","data":[],"hostname":"xn--spke-hra.no","id":"17ab1a7430056cb34dade302970815cb","metadata":{"auto_added":"false","managed_by_apps":"false","managed_by_argo_tunnel":"false"},"modified_on":"2024-11-27T18:55:12.633941Z","name":"xn--spke-hra.no","priority":null,"proxiable":true,"proxied":true,"tags":[],"timeouts":null,"ttl":1,"type":"A","value":null,"zone_id":"60facca24ebde192b657d661c9c2133f"},"sensitive_attributes":[],"private":"eyJlMmJmYjczMC1lY2FhLTExZTYtOGY4OC0zNDM2M2JjN2M0YzAiOnsiY3JlYXRlIjozMDAwMDAwMDAwMCwidXBkYXRlIjozMDAwMDAwMDAwMH0sInNjaGVtYV92ZXJzaW9uIjoiMyJ9"}]},{"mode":"managed","type":"cloudflare_record","name":"aaaa_records","provider":"provider[\"registry.opentofu.org/cloudflare/cloudflare\"]","instances":[{"index_key":"spoke.no-2606:50c0:8000::153","schema_version":3,"attributes":{"allow_overwrite":false,"comment":"","content":"2606:50c0:8000::153","created_on":"2024-11-27T19:46:53.236037Z","data":[],"hostname":"spoke.no","id":"387baf5f0c25f1e5baed3a2da6147a50","metadata":{"auto_added":"false","managed_by_apps":"false","managed_by_argo_tunnel":"false"},"modified_on":"2024-11-27T19:46:53.236037Z","name":"spoke.no","priority":null,"proxiable":true,"proxied":true,"tags":[],"timeouts":null,"ttl":1,"type":"AAAA","value":null,"zone_id":"f5f71b6b8f2a52a60dde88181b8c0ce0"},"sensitive_attributes":[],"private":"eyJlMmJmYjczMC1lY2FhLTExZTYtOGY4OC0zNDM2M2JjN2M0YzAiOnsiY3JlYXRlIjozMDAwMDAwMDAwMCwidXBkYXRlIjozMDAwMDAwMDAwMH0sInNjaGVtYV92ZXJzaW9uIjoiMyJ9"},{"index_key":"spoke.no-2606:50c0:8001::153","schema_version":3,"attributes":{"allow_overwrite":false,"comment":"","content":"2606:50c0:8001::153","created_on":"2024-11-27T19:46:54.702396Z","data":[],"hostname":"spoke.no","id":"ab65ef5fc8098266603bd6838dc83d46","metadata":{"auto_added":"false","managed_by_apps":"false","managed_by_argo_tunnel":"false"},"modified_on":"2024-11-27T19:46:54.702396Z","name":"spoke.no","priority":null,"proxiable":true,"proxied":true,"tags":[],"timeouts":null,"ttl":1,"type":"AAAA","value":null,"zone_id":"f5f71b6b8f2a52a60dde88181b8c0ce0"},"sensitive_attributes":[],"private":"eyJlMmJmYjczMC1lY2FhLTExZTYtOGY4OC0zNDM2M2JjN2M0YzAiOnsiY3JlYXRlIjozMDAwMDAwMDAwMCwidXBkYXRlIjozMDAwMDAwMDAwMH0sInNjaGVtYV92ZXJzaW9uIjoiMyJ9"},{"index_key":"spoke.no-2606:50c0:8002::153","schema_version":3,"attributes":{"allow_overwrite":false,"comment":"","content":"2606:50c0:8002::153","created_on":"2024-11-27T19:46:53.685678Z","data":[],"hostname":"spoke.no","id":"e1eff772296648f30eeee286a851ca26","metadata":{"auto_added":"false","managed_by_apps":"false","managed_by_argo_tunnel":"false"},"modified_on":"2024-11-27T19:46:53.685678Z","name":"spoke.no","priority":null,"proxiable":true,"proxied":true,"tags":[],"timeouts":null,"ttl":1,"type":"AAAA","value":null,"zone_id":"f5f71b6b8f2a52a60dde88181b8c0ce0"},"sensitive_attributes":[],"private":"eyJlMmJmYjczMC1lY2FhLTExZTYtOGY4OC0zNDM2M2JjN2M0YzAiOnsiY3JlYXRlIjozMDAwMDAwMDAwMCwidXBkYXRlIjozMDAwMDAwMDAwMH0sInNjaGVtYV92ZXJzaW9uIjoiMyJ9"},{"index_key":"spoke.no-2606:50c0:8003::153","schema_version":3,"attributes":{"allow_overwrite":false,"comment":"","content":"2606:50c0:8003::153","created_on":"2024-11-27T19:46:53.511163Z","data":[],"hostname":"spoke.no","id":"d769fead23a8a73a740b03cad31f4fe0","metadata":{"auto_added":"false","managed_by_apps":"false","managed_by_argo_tunnel":"false"},"modified_on":"2024-11-27T19:46:53.511163Z","name":"spoke.no","priority":null,"proxiable":true,"proxied":true,"tags":[],"timeouts":null,"ttl":1,"type":"AAAA","value":null,"zone_id":"f5f71b6b8f2a52a60dde88181b8c0ce0"},"sensitive_attributes":[],"private":"eyJlMmJmYjczMC1lY2FhLTExZTYtOGY4OC0zNDM2M2JjN2M0YzAiOnsiY3JlYXRlIjozMDAwMDAwMDAwMCwidXBkYXRlIjozMDAwMDAwMDAwMH0sInNjaGVtYV92ZXJzaW9uIjoiMyJ9"},{"index_key":"xn--spke-hra.no-2606:50c0:8000::153","schema_version":3,"attributes":{"allow_overwrite":false,"comment":"","content":"2606:50c0:8000::153","created_on":"2024-11-27T18:55:10.639392Z","data":[],"hostname":"xn--spke-hra.no","id":"1d5324903b45ab9a35711a2a0c25544e","metadata":{"auto_added":"false","managed_by_apps":"false","managed_by_argo_tunnel":"false"},"modified_on":"2024-11-27T18:55:10.639392Z","name":"xn--spke-hra.no","priority":null,"proxiable":true,"proxied":true,"tags":[],"timeouts":null,"ttl":1,"type":"AAAA","value":null,"zone_id":"60facca24ebde192b657d661c9c2133f"},"sensitive_attributes":[],"private":"eyJlMmJmYjczMC1lY2FhLTExZTYtOGY4OC0zNDM2M2JjN2M0YzAiOnsiY3JlYXRlIjozMDAwMDAwMDAwMCwidXBkYXRlIjozMDAwMDAwMDAwMH0sInNjaGVtYV92ZXJzaW9uIjoiMyJ9"},{"index_key":"xn--spke-hra.no-2606:50c0:8001::153","schema_version":3,"attributes":{"allow_overwrite":false,"comment":"","content":"2606:50c0:8001::153","created_on":"2024-11-27T18:55:10.849751Z","data":[],"hostname":"xn--spke-hra.no","id":"06d7b413f4c199dc020bf0ca74816b90","metadata":{"auto_added":"false","managed_by_apps":"false","managed_by_argo_tunnel":"false"},"modified_on":"2024-11-27T18:55:10.849751Z","name":"xn--spke-hra.no","priority":null,"proxiable":true,"proxied":true,"tags":[],"timeouts":null,"ttl":1,"type":"AAAA","value":null,"zone_id":"60facca24ebde192b657d661c9c2133f"},"sensitive_attributes":[],"private":"eyJlMmJmYjczMC1lY2FhLTExZTYtOGY4OC0zNDM2M2JjN2M0YzAiOnsiY3JlYXRlIjozMDAwMDAwMDAwMCwidXBkYXRlIjozMDAwMDAwMDAwMH0sInNjaGVtYV92ZXJzaW9uIjoiMyJ9"},{"index_key":"xn--spke-hra.no-2606:50c0:8002::153","schema_version":3,"attributes":{"allow_overwrite":false,"comment":"","content":"2606:50c0:8002::153","created_on":"2024-11-27T18:55:11.318452Z","data":[],"hostname":"xn--spke-hra.no","id":"12297d7586a25f3f5e5b35a732544b95","metadata":{"auto_added":"false","managed_by_apps":"false","managed_by_argo_tunnel":"false"},"modified_on":"2024-11-27T18:55:11.318452Z","name":"xn--spke-hra.no","priority":null,"proxiable":true,"proxied":true,"tags":[],"timeouts":null,"ttl":1,"type":"AAAA","value":null,"zone_id":"60facca24ebde192b657d661c9c2133f"},"sensitive_attributes":[],"private":"eyJlMmJmYjczMC1lY2FhLTExZTYtOGY4OC0zNDM2M2JjN2M0YzAiOnsiY3JlYXRlIjozMDAwMDAwMDAwMCwidXBkYXRlIjozMDAwMDAwMDAwMH0sInNjaGVtYV92ZXJzaW9uIjoiMyJ9"},{"index_key":"xn--spke-hra.no-2606:50c0:8003::153","schema_version":3,"attributes":{"allow_overwrite":false,"comment":"","content":"2606:50c0:8003::153","created_on":"2024-11-27T18:55:11.047779Z","data":[],"hostname":"xn--spke-hra.no","id":"051ba13a95a997378f6fc8f1413c6ac7","metadata":{"auto_added":"false","managed_by_apps":"false","managed_by_argo_tunnel":"false"},"modified_on":"2024-11-27T18:55:11.047779Z","name":"xn--spke-hra.no","priority":null,"proxiable":true,"proxied":true,"tags":[],"timeouts":null,"ttl":1,"type":"AAAA","value":null,"zone_id":"60facca24ebde192b657d661c9c2133f"},"sensitive_attributes":[],"private":"eyJlMmJmYjczMC1lY2FhLTExZTYtOGY4OC0zNDM2M2JjN2M0YzAiOnsiY3JlYXRlIjozMDAwMDAwMDAwMCwidXBkYXRlIjozMDAwMDAwMDAwMH0sInNjaGVtYV92ZXJzaW9uIjoiMyJ9"}]},{"mode":"managed","type":"cloudflare_record","name":"cname_no","provider":"provider[\"registry.opentofu.org/cloudflare/cloudflare\"]","instances":[{"index_key":"spoke.no","schema_version":3,"attributes":{"allow_overwrite":false,"comment":"","content":"spoke.no","created_on":"2024-11-27T19:54:33.244686Z","data":[],"hostname":"www.spoke.no","id":"436d890d7890a8fd9430563101357f30","metadata":{"auto_added":"false","managed_by_apps":"false","managed_by_argo_tunnel":"false"},"modified_on":"2024-11-27T19:54:33.244686Z","name":"www","priority":null,"proxiable":true,"proxied":true,"tags":null,"timeouts":null,"ttl":1,"type":"CNAME","value":null,"zone_id":"f5f71b6b8f2a52a60dde88181b8c0ce0"},"sensitive_attributes":[],"private":"eyJlMmJmYjczMC1lY2FhLTExZTYtOGY4OC0zNDM2M2JjN2M0YzAiOnsiY3JlYXRlIjozMDAwMDAwMDAwMCwidXBkYXRlIjozMDAwMDAwMDAwMH0sInNjaGVtYV92ZXJzaW9uIjoiMyJ9"},{"index_key":"xn--spke-hra.no","schema_version":3,"attributes":{"allow_overwrite":false,"comment":"","content":"xn--spke-hra.no","created_on":"2024-11-27T19:54:32.957077Z","data":[],"hostname":"www.xn--spke-hra.no","id":"f1ba456cf59552e5cf8c1b6bd7717653","metadata":{"auto_added":"false","managed_by_apps":"false","managed_by_argo_tunnel":"false"},"modified_on":"2024-11-27T19:54:32.957077Z","name":"www","priority":null,"proxiable":true,"proxied":true,"tags":null,"timeouts":null,"ttl":1,"type":"CNAME","value":null,"zone_id":"60facca24ebde192b657d661c9c2133f"},"sensitive_attributes":[],"private":"eyJlMmJmYjczMC1lY2FhLTExZTYtOGY4OC0zNDM2M2JjN2M0YzAiOnsiY3JlYXRlIjozMDAwMDAwMDAwMCwidXBkYXRlIjozMDAwMDAwMDAwMH0sInNjaGVtYV92ZXJzaW9uIjoiMyJ9"}]},{"mode":"managed","type":"cloudflare_record","name":"txt_records_no","provider":"provider[\"registry.opentofu.org/cloudflare/cloudflare\"]","instances":[{"index_key":"*._domainkey","schema_version":3,"attributes":{"allow_overwrite":false,"comment":"","content":"v=DKIM1; p=","created_on":"2024-11-27T18:55:15.57089Z","data":[],"hostname":"*._domainkey.xn--spke-hra.no","id":"986a310efe198ba9ce81f4682050c58c","metadata":{"auto_added":"false","managed_by_apps":"false","managed_by_argo_tunnel":"false"},"modified_on":"2024-11-27T18:55:15.57089Z","name":"*._domainkey","priority":null,"proxiable":false,"proxied":false,"tags":[],"timeouts":null,"ttl":1,"type":"TXT","value":null,"zone_id":"60facca24ebde192b657d661c9c2133f"},"sensitive_attributes":[],"private":"eyJlMmJmYjczMC1lY2FhLTExZTYtOGY4OC0zNDM2M2JjN2M0YzAiOnsiY3JlYXRlIjozMDAwMDAwMDAwMCwidXBkYXRlIjozMDAwMDAwMDAwMH0sInNjaGVtYV92ZXJzaW9uIjoiMyJ9"},{"index_key":"_dmarc","schema_version":3,"attributes":{"allow_overwrite":false,"comment":"","content":"v=DMARC1; p=reject; sp=reject; adkim=s; aspf=s;","created_on":"2024-11-27T18:55:15.821542Z","data":[],"hostname":"_dmarc.xn--spke-hra.no","id":"1755a263ab2ada356cbe66788b060f37","metadata":{"auto_added":"false","managed_by_apps":"false","managed_by_argo_tunnel":"false"},"modified_on":"2024-11-27T18:55:15.821542Z","name":"_dmarc","priority":null,"proxiable":false,"proxied":false,"tags":[],"timeouts":null,"ttl":1,"type":"TXT","value":null,"zone_id":"60facca24ebde192b657d661c9c2133f"},"sensitive_attributes":[],"private":"eyJlMmJmYjczMC1lY2FhLTExZTYtOGY4OC0zNDM2M2JjN2M0YzAiOnsiY3JlYXRlIjozMDAwMDAwMDAwMCwidXBkYXRlIjozMDAwMDAwMDAwMH0sInNjaGVtYV92ZXJzaW9uIjoiMyJ9"},{"index_key":"_github-pages-challenge-evancharlton","schema_version":3,"attributes":{"allow_overwrite":false,"comment":"","content":"ee90a25383ffe6a653b8c834a4b3c5","created_on":"2024-11-27T18:55:15.298325Z","data":[],"hostname":"_github-pages-challenge-evancharlton.xn--spke-hra.no","id":"881ab665b9b89f5fa00d99f1fca44036","metadata":{"auto_added":"false","managed_by_apps":"false","managed_by_argo_tunnel":"false"},"modified_on":"2024-11-27T18:55:15.298325Z","name":"_github-pages-challenge-evancharlton","priority":null,"proxiable":false,"proxied":false,"tags":[],"timeouts":null,"ttl":1,"type":"TXT","value":null,"zone_id":"60facca24ebde192b657d661c9c2133f"},"sensitive_attributes":[],"private":"eyJlMmJmYjczMC1lY2FhLTExZTYtOGY4OC0zNDM2M2JjN2M0YzAiOnsiY3JlYXRlIjozMDAwMDAwMDAwMCwidXBkYXRlIjozMDAwMDAwMDAwMH0sInNjaGVtYV92ZXJzaW9uIjoiMyJ9"},{"index_key":"xn--spke-hra.no","schema_version":3,"attributes":{"allow_overwrite":false,"comment":"","content":"v=spf1 -all","created_on":"2024-11-27T18:55:10.321379Z","data":[],"hostname":"xn--spke-hra.no","id":"c864e09fb13de6aa78506978ca7000e2","metadata":{"auto_added":"false","managed_by_apps":"false","managed_by_argo_tunnel":"false"},"modified_on":"2024-11-27T18:55:10.321379Z","name":"xn--spke-hra.no","priority":null,"proxiable":false,"proxied":false,"tags":[],"timeouts":null,"ttl":1,"type":"TXT","value":null,"zone_id":"60facca24ebde192b657d661c9c2133f"},"sensitive_attributes":[],"private":"eyJlMmJmYjczMC1lY2FhLTExZTYtOGY4OC0zNDM2M2JjN2M0YzAiOnsiY3JlYXRlIjozMDAwMDAwMDAwMCwidXBkYXRlIjozMDAwMDAwMDAwMH0sInNjaGVtYV92ZXJzaW9uIjoiMyJ9"}]},{"mode":"managed","type":"cloudflare_record","name":"txt_records_spoke_no","provider":"provider[\"registry.opentofu.org/cloudflare/cloudflare\"]","instances":[{"index_key":"*._domainkey","schema_version":3,"attributes":{"allow_overwrite":false,"comment":"","content":"\"v=DKIM1; p=\"","created_on":"2024-11-27T19:34:19.598931Z","data":[],"hostname":"*._domainkey.spoke.no","id":"63300b97c04c5bdc440962fb1c812537","metadata":{"auto_added":"false","managed_by_apps":"false","managed_by_argo_tunnel":"false"},"modified_on":"2024-11-27T19:35:22.182783Z","name":"*._domainkey","priority":null,"proxiable":false,"proxied":false,"tags":[],"timeouts":null,"ttl":1,"type":"TXT","value":null,"zone_id":"f5f71b6b8f2a52a60dde88181b8c0ce0"},"sensitive_attributes":[],"private":"eyJlMmJmYjczMC1lY2FhLTExZTYtOGY4OC0zNDM2M2JjN2M0YzAiOnsiY3JlYXRlIjozMDAwMDAwMDAwMCwidXBkYXRlIjozMDAwMDAwMDAwMH0sInNjaGVtYV92ZXJzaW9uIjoiMyJ9"},{"index_key":"_dmarc","schema_version":3,"attributes":{"allow_overwrite":false,"comment":"","content":"\"v=DMARC1; p=reject; sp=reject; adkim=s; aspf=s;\"","created_on":"2024-11-27T19:34:19.783363Z","data":[],"hostname":"_dmarc.spoke.no","id":"5966365c45769cc11a8137365caa8494","metadata":{"auto_added":"false","managed_by_apps":"false","managed_by_argo_tunnel":"false"},"modified_on":"2024-11-27T19:35:21.699607Z","name":"_dmarc","priority":null,"proxiable":false,"proxied":false,"tags":[],"timeouts":null,"ttl":1,"type":"TXT","value":null,"zone_id":"f5f71b6b8f2a52a60dde88181b8c0ce0"},"sensitive_attributes":[],"private":"eyJlMmJmYjczMC1lY2FhLTExZTYtOGY4OC0zNDM2M2JjN2M0YzAiOnsiY3JlYXRlIjozMDAwMDAwMDAwMCwidXBkYXRlIjozMDAwMDAwMDAwMH0sInNjaGVtYV92ZXJzaW9uIjoiMyJ9"},{"index_key":"_github-pages-challenge-evancharlton","schema_version":3,"attributes":{"allow_overwrite":false,"comment":"","content":"\"ee90a25383ffe6a653b8c834a4b3c5\"","created_on":"2024-11-27T19:34:19.147862Z","data":[],"hostname":"_github-pages-challenge-evancharlton.spoke.no","id":"2665c56d64cd5b0bfac8e59ec605e47e","metadata":{"auto_added":"false","managed_by_apps":"false","managed_by_argo_tunnel":"false"},"modified_on":"2024-11-27T19:35:22.408131Z","name":"_github-pages-challenge-evancharlton","priority":null,"proxiable":false,"proxied":false,"tags":[],"timeouts":null,"ttl":1,"type":"TXT","value":null,"zone_id":"f5f71b6b8f2a52a60dde88181b8c0ce0"},"sensitive_attributes":[],"private":"eyJlMmJmYjczMC1lY2FhLTExZTYtOGY4OC0zNDM2M2JjN2M0YzAiOnsiY3JlYXRlIjozMDAwMDAwMDAwMCwidXBkYXRlIjozMDAwMDAwMDAwMH0sInNjaGVtYV92ZXJzaW9uIjoiMyJ9"},{"index_key":"spoke.no","schema_version":3,"attributes":{"allow_overwrite":false,"comment":"","content":"\"v=spf1 -all\"","created_on":"2024-11-27T19:34:19.294471Z","data":[],"hostname":"spoke.no","id":"d5a812d00384f82e6da0ec83fb692cde","metadata":{"auto_added":"false","managed_by_apps":"false","managed_by_argo_tunnel":"false"},"modified_on":"2024-11-27T19:35:21.881094Z","name":"spoke.no","priority":null,"proxiable":false,"proxied":false,"tags":[],"timeouts":null,"ttl":1,"type":"TXT","value":null,"zone_id":"f5f71b6b8f2a52a60dde88181b8c0ce0"},"sensitive_attributes":[],"private":"eyJlMmJmYjczMC1lY2FhLTExZTYtOGY4OC0zNDM2M2JjN2M0YzAiOnsiY3JlYXRlIjozMDAwMDAwMDAwMCwidXBkYXRlIjozMDAwMDAwMDAwMH0sInNjaGVtYV92ZXJzaW9uIjoiMyJ9"}]},{"mode":"managed","type":"cloudflare_zone_settings_override","name":"ssl_settings","provider":"provider[\"registry.opentofu.org/cloudflare/cloudflare\"]","instances":[{"index_key":"spoke.no","schema_version":2,"attributes":{"id":"f5f71b6b8f2a52a60dde88181b8c0ce0","initial_settings":[{"always_online":"off","always_use_https":"off","automatic_https_rewrites":"on","binary_ast":"off","brotli":"on","browser_cache_ttl":14400,"browser_check":"on","cache_level":"aggressive","challenge_ttl":1800,"ciphers":[],"cname_flattening":"flatten_at_root","development_mode":"off","early_hints":"off","email_obfuscation":"on","filter_logs_to_cloudflare":"off","fonts":"off","h2_prioritization":"off","hotlink_protection":"off","http2":"on","http3":"on","image_resizing":"off","ip_geolocation":"on","ipv6":"on","log_to_cloudflare":"on","max_upload":100,"min_tls_version":"1.0","minify":[],"mirage":"off","mobile_redirect":[],"nel":[{"enabled":true}],"opportunistic_encryption":"on","opportunistic_onion":"on","orange_to_orange":"off","origin_error_page_pass_thru":"off","origin_max_http_version":"2","polish":"off","prefetch_preload":"off","privacy_pass":"on","proxy_read_timeout":"100","pseudo_ipv4":"off","replace_insecure_js":"on","response_buffering":"off","rocket_loader":"off","security_header":[{"enabled":false,"include_subdomains":false,"max_age":0,"nosniff":false,"preload":false}],"security_level":"medium","server_side_exclude":"on","sort_query_string_for_cache":"off","speed_brain":"on","ssl":"full","tls_1_2_only":"off","tls_1_3":"on","tls_client_auth":"off","true_client_ip_header":"off","universal_ssl":"","visitor_ip":"on","waf":"off","webp":"off","websockets":"on","zero_rtt":"off"}],"initial_settings_read_at":"2024-11-27T19:54:40.431473496Z","readonly_settings":["advanced_ddos","http2","long_lived_grpc","mirage","origin_error_page_pass_thru","polish","prefetch_preload","proxy_read_timeout","response_buffering","sort_query_string_for_cache","true_client_ip_header","webp","image_resizing"],"settings":[{"always_online":"","always_use_https":"","automatic_https_rewrites":"on","binary_ast":"","brotli":"","browser_cache_ttl":0,"browser_check":"","cache_level":"","challenge_ttl":0,"ciphers":[],"cname_flattening":"","development_mode":"","early_hints":"","email_obfuscation":"","filter_logs_to_cloudflare":"","fonts":"","h2_prioritization":"","hotlink_protection":"","http2":"","http3":"","image_resizing":"","ip_geolocation":"","ipv6":"","log_to_cloudflare":"","max_upload":0,"min_tls_version":"","minify":[],"mirage":"","mobile_redirect":[],"nel":[],"opportunistic_encryption":"","opportunistic_onion":"","orange_to_orange":"","origin_error_page_pass_thru":"","origin_max_http_version":"","polish":"","prefetch_preload":"","privacy_pass":"","proxy_read_timeout":"","pseudo_ipv4":"","replace_insecure_js":"","response_buffering":"","rocket_loader":"","security_header":[],"security_level":"","server_side_exclude":"","sort_query_string_for_cache":"","speed_brain":"","ssl":"full","tls_1_2_only":"","tls_1_3":"","tls_client_auth":"","true_client_ip_header":"","universal_ssl":"","visitor_ip":"","waf":"","webp":"","websockets":"","zero_rtt":""}],"zone_id":"f5f71b6b8f2a52a60dde88181b8c0ce0","zone_status":"active","zone_type":"full"},"sensitive_attributes":[],"private":"eyJzY2hlbWFfdmVyc2lvbiI6IjIifQ=="},{"index_key":"xn--spke-hra.no","schema_version":2,"attributes":{"id":"60facca24ebde192b657d661c9c2133f","initial_settings":[{"always_online":"off","always_use_https":"off","automatic_https_rewrites":"on","binary_ast":"off","brotli":"on","browser_cache_ttl":14400,"browser_check":"on","cache_level":"aggressive","challenge_ttl":1800,"ciphers":[],"cname_flattening":"flatten_at_root","development_mode":"off","early_hints":"off","email_obfuscation":"on","filter_logs_to_cloudflare":"off","fonts":"off","h2_prioritization":"off","hotlink_protection":"off","http2":"on","http3":"on","image_resizing":"off","ip_geolocation":"on","ipv6":"on","log_to_cloudflare":"on","max_upload":100,"min_tls_version":"1.0","minify":[],"mirage":"off","mobile_redirect":[],"nel":[{"enabled":true}],"opportunistic_encryption":"on","opportunistic_onion":"on","orange_to_orange":"off","origin_error_page_pass_thru":"off","origin_max_http_version":"2","polish":"off","prefetch_preload":"off","privacy_pass":"on","proxy_read_timeout":"100","pseudo_ipv4":"off","replace_insecure_js":"on","response_buffering":"off","rocket_loader":"off","security_header":[{"enabled":false,"include_subdomains":false,"max_age":0,"nosniff":false,"preload":false}],"security_level":"medium","server_side_exclude":"on","sort_query_string_for_cache":"off","speed_brain":"on","ssl":"full","tls_1_2_only":"off","tls_1_3":"on","tls_client_auth":"off","true_client_ip_header":"off","universal_ssl":"","visitor_ip":"on","waf":"off","webp":"off","websockets":"on","zero_rtt":"off"}],"initial_settings_read_at":"2024-11-27T19:54:40.713016805Z","readonly_settings":["advanced_ddos","http2","long_lived_grpc","mirage","origin_error_page_pass_thru","polish","prefetch_preload","proxy_read_timeout","response_buffering","sort_query_string_for_cache","true_client_ip_header","webp","image_resizing"],"settings":[{"always_online":"","always_use_https":"","automatic_https_rewrites":"on","binary_ast":"","brotli":"","browser_cache_ttl":0,"browser_check":"","cache_level":"","challenge_ttl":0,"ciphers":[],"cname_flattening":"","development_mode":"","early_hints":"","email_obfuscation":"","filter_logs_to_cloudflare":"","fonts":"","h2_prioritization":"","hotlink_protection":"","http2":"","http3":"","image_resizing":"","ip_geolocation":"","ipv6":"","log_to_cloudflare":"","max_upload":0,"min_tls_version":"","minify":[],"mirage":"","mobile_redirect":[],"nel":[],"opportunistic_encryption":"","opportunistic_onion":"","orange_to_orange":"","origin_error_page_pass_thru":"","origin_max_http_version":"","polish":"","prefetch_preload":"","privacy_pass":"","proxy_read_timeout":"","pseudo_ipv4":"","replace_insecure_js":"","response_buffering":"","rocket_loader":"","security_header":[],"security_level":"","server_side_exclude":"","sort_query_string_for_cache":"","speed_brain":"","ssl":"full","tls_1_2_only":"","tls_1_3":"","tls_client_auth":"","true_client_ip_header":"","universal_ssl":"","visitor_ip":"","waf":"","webp":"","websockets":"","zero_rtt":""}],"zone_id":"60facca24ebde192b657d661c9c2133f","zone_status":"active","zone_type":"full"},"sensitive_attributes":[],"private":"eyJzY2hlbWFfdmVyc2lvbiI6IjIifQ=="}]}],"check_results":null}
